Microsoft Visual Studio Solution File, Format Version 12.00
# Visual Studio 15
VisualStudioVersion = 15.0.26730.12
MinimumVisualStudioVersion = 15.0.26124.0
Project("{9A19103F-16F7-4668-BE54-9A1E7A4F7556}") = "CoreCoursesSample.WebApi", "CoreCoursesSample.WebApi\CoreCoursesSample.WebApi.csproj", "{AE0559D1-DDC6-4929-8BD8-99FAB74ED352}"
EndProject
Project("{9A19103F-16F7-4668-BE54-9A1E7A4F7556}") = "CoreCoursesSample.Tests", "CoreCoursesSample.Tests\CoreCoursesSample.Tests.csproj", "{2A601984-A640-4DF3-9290-A8882EAD6A9A}"
EndProject
Global
	GlobalSection(SolutionConfigurationPlatforms) = preSolution
		Debug|Any CPU = Debug|Any CPU
		Debug|x64 = Debug|x64
		Debug|x86 = Debug|x86
		Release|Any CPU = Release|Any CPU
		Release|x64 = Release|x64
		Release|x86 = Release|x86
	EndGlobalSection
	GlobalSection(ProjectConfigurationPlatforms) = postSolution
		{AE0559D1-DDC6-4929-8BD8-99FAB74ED352}.Debug|Any CPU.ActiveCfg = Debug|Any CPU
		{AE0559D1-DDC6-4929-8BD8-99FAB74ED352}.Debug|Any CPU.Build.0 = Debug|Any CPU
		{AE0559D1-DDC6-4929-8BD8-99FAB74ED352}.Debug|x64.ActiveCfg = Debug|Any CPU
		{AE0559D1-DDC6-4929-8BD8-99FAB74ED352}.Debug|x64.Build.0 = Debug|Any CPU
		{AE0559D1-DDC6-4929-8BD8-99FAB74ED352}.Debug|x86.ActiveCfg = Debug|Any CPU
		{AE0559D1-DDC6-4929-8BD8-99FAB74ED352}.Debug|x86.Build.0 = Debug|Any CPU
		{AE0559D1-DDC6-4929-8BD8-99FAB74ED352}.Release|Any CPU.ActiveCfg = Release|Any CPU
		{AE0559D1-DDC6-4929-8BD8-99FAB74ED352}.Release|Any CPU.Build.0 = Release|Any CPU
		{AE0559D1-DDC6-4929-8BD8-99FAB74ED352}.Release|x64.ActiveCfg = Release|Any CPU
		{AE0559D1-DDC6-4929-8BD8-99FAB74ED352}.Release|x64.Build.0 = Release|Any CPU
		{AE0559D1-DDC6-4929-8BD8-99FAB74ED352}.Release|x86.ActiveCfg = Release|Any CPU
		{AE0559D1-DDC6-4929-8BD8-99FAB74ED352}.Release|x86.Build.0 = Release|Any CPU
		{2A601984-A640-4DF3-9290-A8882EAD6A9A}.Debug|Any CPU.ActiveCfg = Debug|Any CPU
		{2A601984-A640-4DF3-9290-A8882EAD6A9A}.Debug|Any CPU.Build.0 = Debug|Any CPU
		{2A601984-A640-4DF3-9290-A8882EAD6A9A}.Debug|x64.ActiveCfg = Debug|Any CPU
		{2A601984-A640-4DF3-9290-A8882EAD6A9A}.Debug|x64.Build.0 = Debug|Any CPU
		{2A601984-A640-4DF3-9290-A8882EAD6A9A}.Debug|x86.ActiveCfg = Debug|Any CPU
		{2A601984-A640-4DF3-9290-A8882EAD6A9A}.Debug|x86.Build.0 = Debug|Any CPU
		{2A601984-A640-4DF3-9290-A8882EAD6A9A}.Release|Any CPU.ActiveCfg = Release|Any CPU
		{2A601984-A640-4DF3-9290-A8882EAD6A9A}.Release|Any CPU.Build.0 = Release|Any CPU
		{2A601984-A640-4DF3-9290-A8882EAD6A9A}.Release|x64.ActiveCfg = Release|Any CPU
		{2A601984-A640-4DF3-9290-A8882EAD6A9A}.Release|x64.Build.0 = Release|Any CPU
		{2A601984-A640-4DF3-9290-A8882EAD6A9A}.Release|x86.ActiveCfg = Release|Any CPU
		{2A601984-A640-4DF3-9290-A8882EAD6A9A}.Release|x86.Build.0 = Release|Any CPU
	EndGlobalSection
	GlobalSection(SolutionProperties) = preSolution
		HideSolutionNode = FALSE
	EndGlobalSection
	GlobalSection(ExtensibilityGlobals) = postSolution
		SolutionGuid = {C15E836D-C5E6-45AC-A743-5A0DE3AE65B9}
	EndGlobalSection
EndGlobal
